
Microsoft Visual Studio Solution File, Format Version 12.00
# Visual Studio Version 17
VisualStudioVersion = 17.9.34607.119
MinimumVisualStudioVersion = 10.0.40219.1
Project("{9A19103F-16F7-4668-BE54-9A1E7A4F7556}") = "PTLMFGPLUS.WEB", "PTLMFGPLUS.WEB\PTLMFGPLUS.WEB.csproj", "{9DC048AC-8492-4EF5-9C5F-AACD6DD3340D}"
EndProject
Project("{9A19103F-16F7-4668-BE54-9A1E7A4F7556}") = "PTLMFGPLUS.LIB", "PTLMFGPLUS.LIB\PTLMFGPLUS.LIB.csproj", "{51E3F433-CA91-4612-9BD6-ADBA04C4235B}"
EndProject
Project("{9A19103F-16F7-4668-BE54-9A1E7A4F7556}") = "PTLMFGPLUS.ENTITY", "PTLMFGPLUS.ENTITY\PTLMFGPLUS.ENTITY.csproj", "{928F7624-A638-4E0C-A817-8DBE7609AB8F}"
EndProject
Project("{9A19103F-16F7-4668-BE54-9A1E7A4F7556}") = "PTLMFGPLUS.SERVICE", "PTLMFGPLUS.SERVICE\PTLMFGPLUS.SERVICE.csproj", "{5DF52F0E-7C62-4E75-8577-D03FFC74552E}"
EndProject
Project("{FAE04EC0-301F-11D3-BF4B-00C04F79EFBC}") = "PTL.PRINTRDLC", "PTL.PRINTRDLC\PTL.PRINTRDLC.csproj", "{5FF67FBF-6D9D-499E-A6BC-D24B555FD818}"
EndProject
Global
	GlobalSection(SolutionConfigurationPlatforms) = preSolution
		Debug|Any CPU = Debug|Any CPU
		Debug|x64 = Debug|x64
		Release|Any CPU = Release|Any CPU
		Release|x64 = Release|x64
	EndGlobalSection
	GlobalSection(ProjectConfigurationPlatforms) = postSolution
		{9DC048AC-8492-4EF5-9C5F-AACD6DD3340D}.Debug|Any CPU.ActiveCfg = Debug|Any CPU
		{9DC048AC-8492-4EF5-9C5F-AACD6DD3340D}.Debug|Any CPU.Build.0 = Debug|Any CPU
		{9DC048AC-8492-4EF5-9C5F-AACD6DD3340D}.Debug|x64.ActiveCfg = Debug|Any CPU
		{9DC048AC-8492-4EF5-9C5F-AACD6DD3340D}.Debug|x64.Build.0 = Debug|Any CPU
		{9DC048AC-8492-4EF5-9C5F-AACD6DD3340D}.Release|Any CPU.ActiveCfg = Release|Any CPU
		{9DC048AC-8492-4EF5-9C5F-AACD6DD3340D}.Release|Any CPU.Build.0 = Release|Any CPU
		{9DC048AC-8492-4EF5-9C5F-AACD6DD3340D}.Release|x64.ActiveCfg = Release|Any CPU
		{9DC048AC-8492-4EF5-9C5F-AACD6DD3340D}.Release|x64.Build.0 = Release|Any CPU
		{51E3F433-CA91-4612-9BD6-ADBA04C4235B}.Debug|Any CPU.ActiveCfg = Debug|Any CPU
		{51E3F433-CA91-4612-9BD6-ADBA04C4235B}.Debug|Any CPU.Build.0 = Debug|Any CPU
		{51E3F433-CA91-4612-9BD6-ADBA04C4235B}.Debug|x64.ActiveCfg = Debug|Any CPU
		{51E3F433-CA91-4612-9BD6-ADBA04C4235B}.Debug|x64.Build.0 = Debug|Any CPU
		{51E3F433-CA91-4612-9BD6-ADBA04C4235B}.Release|Any CPU.ActiveCfg = Release|Any CPU
		{51E3F433-CA91-4612-9BD6-ADBA04C4235B}.Release|Any CPU.Build.0 = Release|Any CPU
		{51E3F433-CA91-4612-9BD6-ADBA04C4235B}.Release|x64.ActiveCfg = Release|Any CPU
		{51E3F433-CA91-4612-9BD6-ADBA04C4235B}.Release|x64.Build.0 = Release|Any CPU
		{928F7624-A638-4E0C-A817-8DBE7609AB8F}.Debug|Any CPU.ActiveCfg = Debug|Any CPU
		{928F7624-A638-4E0C-A817-8DBE7609AB8F}.Debug|Any CPU.Build.0 = Debug|Any CPU
		{928F7624-A638-4E0C-A817-8DBE7609AB8F}.Debug|x64.ActiveCfg = Debug|Any CPU
		{928F7624-A638-4E0C-A817-8DBE7609AB8F}.Debug|x64.Build.0 = Debug|Any CPU
		{928F7624-A638-4E0C-A817-8DBE7609AB8F}.Release|Any CPU.ActiveCfg = Release|Any CPU
		{928F7624-A638-4E0C-A817-8DBE7609AB8F}.Release|Any CPU.Build.0 = Release|Any CPU
		{928F7624-A638-4E0C-A817-8DBE7609AB8F}.Release|x64.ActiveCfg = Release|Any CPU
		{928F7624-A638-4E0C-A817-8DBE7609AB8F}.Release|x64.Build.0 = Release|Any CPU
		{5DF52F0E-7C62-4E75-8577-D03FFC74552E}.Debug|Any CPU.ActiveCfg = Debug|Any CPU
		{5DF52F0E-7C62-4E75-8577-D03FFC74552E}.Debug|Any CPU.Build.0 = Debug|Any CPU
		{5DF52F0E-7C62-4E75-8577-D03FFC74552E}.Debug|x64.ActiveCfg = Debug|Any CPU
		{5DF52F0E-7C62-4E75-8577-D03FFC74552E}.Debug|x64.Build.0 = Debug|Any CPU
		{5DF52F0E-7C62-4E75-8577-D03FFC74552E}.Release|Any CPU.ActiveCfg = Release|Any CPU
		{5DF52F0E-7C62-4E75-8577-D03FFC74552E}.Release|Any CPU.Build.0 = Release|Any CPU
		{5DF52F0E-7C62-4E75-8577-D03FFC74552E}.Release|x64.ActiveCfg = Release|Any CPU
		{5DF52F0E-7C62-4E75-8577-D03FFC74552E}.Release|x64.Build.0 = Release|Any CPU
		{5FF67FBF-6D9D-499E-A6BC-D24B555FD818}.Debug|Any CPU.ActiveCfg = Debug|Any CPU
		{5FF67FBF-6D9D-499E-A6BC-D24B555FD818}.Debug|Any CPU.Build.0 = Debug|Any CPU
		{5FF67FBF-6D9D-499E-A6BC-D24B555FD818}.Debug|x64.ActiveCfg = Debug|Any CPU
		{5FF67FBF-6D9D-499E-A6BC-D24B555FD818}.Debug|x64.Build.0 = Debug|Any CPU
		{5FF67FBF-6D9D-499E-A6BC-D24B555FD818}.Release|Any CPU.ActiveCfg = Release|Any CPU
		{5FF67FBF-6D9D-499E-A6BC-D24B555FD818}.Release|Any CPU.Build.0 = Release|Any CPU
		{5FF67FBF-6D9D-499E-A6BC-D24B555FD818}.Release|x64.ActiveCfg = Release|Any CPU
		{5FF67FBF-6D9D-499E-A6BC-D24B555FD818}.Release|x64.Build.0 = Release|Any CPU
	EndGlobalSection
	GlobalSection(SolutionProperties) = preSolution
		HideSolutionNode = FALSE
	EndGlobalSection
	GlobalSection(ExtensibilityGlobals) = postSolution
		SolutionGuid = {32664641-88DF-415F-869F-69D0B919B19A}
	EndGlobalSection
EndGlobal
